
Microsoft Visual Studio Solution File, Format Version 12.00
# Visual Studio Version 17
VisualStudioVersion = 17.3.32929.385
MinimumVisualStudioVersion = 10.0.40219.1
Project("{9A19103F-16F7-4668-BE54-9A1E7A4F7556}") = "RazorPagesMovie", "RazorPagesMovie\RazorPagesMovie.csproj", "{B9EEC7B9-1F49-430B-9300-FC6C35444F2D}"
EndProject
Project("{FAE04EC0-301F-11D3-BF4B-00C04F79EFBC}") = "RegisterApp", "RegisterApp\RegisterApp.csproj", "{373BDF6B-E65E-4D54-A17B-DDE76878F4B1}"
EndProject
Global
	GlobalSection(SolutionConfigurationPlatforms) = preSolution
		Debug|Any CPU = Debug|Any CPU
		Release|Any CPU = Release|Any CPU
	EndGlobalSection
	GlobalSection(ProjectConfigurationPlatforms) = postSolution
		{B9EEC7B9-1F49-430B-9300-FC6C35444F2D}.Debug|Any CPU.ActiveCfg = Debug|Any CPU
		{B9EEC7B9-1F49-430B-9300-FC6C35444F2D}.Debug|Any CPU.Build.0 = Debug|Any CPU
		{B9EEC7B9-1F49-430B-9300-FC6C35444F2D}.Release|Any CPU.ActiveCfg = Release|Any CPU
		{B9EEC7B9-1F49-430B-9300-FC6C35444F2D}.Release|Any CPU.Build.0 = Release|Any CPU
		{373BDF6B-E65E-4D54-A17B-DDE76878F4B1}.Debug|Any CPU.ActiveCfg = Debug|Any CPU
		{373BDF6B-E65E-4D54-A17B-DDE76878F4B1}.Debug|Any CPU.Build.0 = Debug|Any CPU
		{373BDF6B-E65E-4D54-A17B-DDE76878F4B1}.Release|Any CPU.ActiveCfg = Release|Any CPU
		{373BDF6B-E65E-4D54-A17B-DDE76878F4B1}.Release|Any CPU.Build.0 = Release|Any CPU
	EndGlobalSection
	GlobalSection(SolutionProperties) = preSolution
		HideSolutionNode = FALSE
	EndGlobalSection
	GlobalSection(ExtensibilityGlobals) = postSolution
		SolutionGuid = {717D5CFC-B004-41B5-8ABA-1B593E848C47}
	EndGlobalSection
EndGlobal
